
Microsoft Visual Studio Solution File, Format Version 12.00
# Visual Studio 15
VisualStudioVersion = 15.0.28307.539
MinimumVisualStudioVersion = 10.0.40219.1
Project("{FAE04EC0-301F-11D3-BF4B-00C04F79EFBC}") = "AntiSlipShoes", "AntiSlipShoes\AntiSlipShoes.csproj", "{B44CF2D3-2A61-445D-A4ED-A749CB49135D}"
EndProject
Project("{FAE04EC0-301F-11D3-BF4B-00C04F79EFBC}") = "WishboneSlot", "WishboneSlot\WishboneSlot.csproj", "{52D01037-594B-487B-8186-7A9E0FE86FAF}"
EndProject
Project("{FAE04EC0-301F-11D3-BF4B-00C04F79EFBC}") = "CustomSlotItemLib", "CustomSlotItemLib\CustomSlotItemLib.csproj", "{1030668A-C56F-4C37-A3B1-772E027F3B39}"
EndProject
Global
	GlobalSection(SolutionConfigurationPlatforms) = preSolution
		Release|Any CPU = Release|Any CPU
	EndGlobalSection
	GlobalSection(ProjectConfigurationPlatforms) = postSolution
		{B44CF2D3-2A61-445D-A4ED-A749CB49135D}.Release|Any CPU.ActiveCfg = Release|Any CPU
		{B44CF2D3-2A61-445D-A4ED-A749CB49135D}.Release|Any CPU.Build.0 = Release|Any CPU
		{52D01037-594B-487B-8186-7A9E0FE86FAF}.Release|Any CPU.ActiveCfg = Release|Any CPU
		{52D01037-594B-487B-8186-7A9E0FE86FAF}.Release|Any CPU.Build.0 = Release|Any CPU
		{1030668A-C56F-4C37-A3B1-772E027F3B39}.Release|Any CPU.ActiveCfg = Release|Any CPU
		{1030668A-C56F-4C37-A3B1-772E027F3B39}.Release|Any CPU.Build.0 = Release|Any CPU
	EndGlobalSection
	GlobalSection(SolutionProperties) = preSolution
		HideSolutionNode = FALSE
	EndGlobalSection
	GlobalSection(ExtensibilityGlobals) = postSolution
		SolutionGuid = {2F78158A-CD4A-4128-B94B-BA142FB21B0B}
	EndGlobalSection
EndGlobal
